
Microsoft Visual Studio Solution File, Format Version 12.00
# Visual Studio Version 17
VisualStudioVersion = 17.11.35219.272
MinimumVisualStudioVersion = 10.0.40219.1
Project("{FAE04EC0-301F-11D3-BF4B-00C04F79EFBC}") = "EmtityWithNet", "EmtityWithNet.csproj", "{6B2C55C3-2AD1-49DC-8010-786612D8A73E}"
EndProject
Global
	GlobalSection(SolutionConfigurationPlatforms) = preSolution
		Debug|Any CPU = Debug|Any CPU
		Release|Any CPU = Release|Any CPU
	EndGlobalSection
	GlobalSection(ProjectConfigurationPlatforms) = postSolution
		{6B2C55C3-2AD1-49DC-8010-786612D8A73E}.Debug|Any CPU.ActiveCfg = Debug|Any CPU
		{6B2C55C3-2AD1-49DC-8010-786612D8A73E}.Debug|Any CPU.Build.0 = Debug|Any CPU
		{6B2C55C3-2AD1-49DC-8010-786612D8A73E}.Release|Any CPU.ActiveCfg = Release|Any CPU
		{6B2C55C3-2AD1-49DC-8010-786612D8A73E}.Release|Any CPU.Build.0 = Release|Any CPU
	EndGlobalSection
	GlobalSection(SolutionProperties) = preSolution
		HideSolutionNode = FALSE
	EndGlobalSection
	GlobalSection(ExtensibilityGlobals) = postSolution
		SolutionGuid = {7976E77A-A4BD-4DEF-8A4F-38BA854DB46C}
	EndGlobalSection
EndGlobal
